// !$*UTF8*$!
{
	archiveVersion = 1;
	classes = {
	};
	objectVersion = 48;
	objects = {

/* Begin PBXBuildFile section */
		46833D582038646200A2D535 /* AppDelegate.swift in Sources */ = {isa = PBXBuildFile; fileRef = 46833D572038646200A2D535 /* AppDelegate.swift */; };
		46833D5F2038646200A2D535 /* Assets.xcassets in Resources */ = {isa = PBXBuildFile; fileRef = 46833D5E2038646200A2D535 /* Assets.xcassets */; };
		46833D622038646200A2D535 /* LaunchScreen.storyboard in Resources */ = {isa = PBXBuildFile; fileRef = 46833D602038646200A2D535 /* LaunchScreen.storyboard */; };
		46833D6B203864CA00A2D535 /* Main.storyboard in Resources */ = {isa = PBXBuildFile; fileRef = 46833D6A203864CA00A2D535 /* Main.storyboard */; };
		46833D72203864EE00A2D535 /* GiftViewController.swift in Sources */ = {isa = PBXBuildFile; fileRef = 46833D6D203864ED00A2D535 /* GiftViewController.swift */; };
		46833D73203864EE00A2D535 /* EventViewController.swift in Sources */ = {isa = PBXBuildFile; fileRef = 46833D6E203864ED00A2D535 /* EventViewController.swift */; };
		46833D74203864EE00A2D535 /* TabBarViewController.swift in Sources */ = {isa = PBXBuildFile; fileRef = 46833D6F203864ED00A2D535 /* TabBarViewController.swift */; };
		46833D75203864EE00A2D535 /* MeViewController.swift in Sources */ = {isa = PBXBuildFile; fileRef = 46833D70203864EE00A2D535 /* MeViewController.swift */; };
		46833D76203864EE00A2D535 /* OrderViewController.swift in Sources */ = {isa = PBXBuildFile; fileRef = 46833D71203864EE00A2D535 /* OrderViewController.swift */; };
		46833D79203869DA00A2D535 /* Constant.swift in Sources */ = {isa = PBXBuildFile; fileRef = 46833D78203869DA00A2D535 /* Constant.swift */; };
		46833D7C20386DBC00A2D535 /* jsonresponse.txt in Resources */ = {isa = PBXBuildFile; fileRef = 46833D7B20386DBC00A2D535 /* jsonresponse.txt */; };
		46B148F9203B2E8C009F57A2 /* EventTableViewCell.swift in Sources */ = {isa = PBXBuildFile; fileRef = 46B148F7203B2E8C009F57A2 /* EventTableViewCell.swift */; };
		46B148FA203B2E8C009F57A2 /* EventTableViewCell.xib in Resources */ = {isa = PBXBuildFile; fileRef = 46B148F8203B2E8C009F57A2 /* EventTableViewCell.xib */; };
/* End PBXBuildFile section */

/* Begin PBXFileReference section */
		46833D542038646200A2D535 /* Giftery.app */ = {isa = PBXFileReference; explicitFileType = wrapper.application; includeInIndex = 0; path = Giftery.app; sourceTree = BUILT_PRODUCTS_DIR; };
		46833D572038646200A2D535 /* AppDelegate.swift */ = {isa = PBXFileReference; lastKnownFileType = sourcecode.swift; path = AppDelegate.swift; sourceTree = "<group>"; };
		46833D5E2038646200A2D535 /* Assets.xcassets */ = {isa = PBXFileReference; lastKnownFileType = folder.assetcatalog; path = Assets.xcassets; sourceTree = "<group>"; };
		46833D612038646200A2D535 /* Base */ = {isa = PBXFileReference; lastKnownFileType = file.storyboard; name = Base; path = Base.lproj/LaunchScreen.storyboard; sourceTree = "<group>"; };
		46833D632038646200A2D535 /* Info.plist */ = {isa = PBXFileReference; lastKnownFileType = text.plist.xml; path = Info.plist; sourceTree = "<group>"; };
		46833D6A203864CA00A2D535 /* Main.storyboard */ = {isa = PBXFileReference; fileEncoding = 4; lastKnownFileType = file.storyboard; path = Main.storyboard; sourceTree = "<group>"; };
		46833D6D203864ED00A2D535 /* GiftViewController.swift */ = {isa = PBXFileReference; fileEncoding = 4; lastKnownFileType = sourcecode.swift; path = GiftViewController.swift; sourceTree = "<group>"; };
		46833D6E203864ED00A2D535 /* EventViewController.swift */ = {isa = PBXFileReference; fileEncoding = 4; lastKnownFileType = sourcecode.swift; path = EventViewController.swift; sourceTree = "<group>"; };
		46833D6F203864ED00A2D535 /* TabBarViewController.swift */ = {isa = PBXFileReference; fileEncoding = 4; lastKnownFileType = sourcecode.swift; path = TabBarViewController.swift; sourceTree = "<group>"; };
		46833D70203864EE00A2D535 /* MeViewController.swift */ = {isa = PBXFileReference; fileEncoding = 4; lastKnownFileType = sourcecode.swift; path = MeViewController.swift; sourceTree = "<group>"; };
		46833D71203864EE00A2D535 /* OrderViewController.swift */ = {isa = PBXFileReference; fileEncoding = 4; lastKnownFileType = sourcecode.swift; path = OrderViewController.swift; sourceTree = "<group>"; };
		46833D78203869DA00A2D535 /* Constant.swift */ = {isa = PBXFileReference; lastKnownFileType = sourcecode.swift; path = Constant.swift; sourceTree = "<group>"; };
		46833D7B20386DBC00A2D535 /* jsonresponse.txt */ = {isa = PBXFileReference; fileEncoding = 4; lastKnownFileType = text; path = jsonresponse.txt; sourceTree = "<group>"; };
		46B148F7203B2E8C009F57A2 /* EventTableViewCell.swift */ = {isa = PBXFileReference; lastKnownFileType = sourcecode.swift; path = EventTableViewCell.swift; sourceTree = "<group>"; };
		46B148F8203B2E8C009F57A2 /* EventTableViewCell.xib */ = {isa = PBXFileReference; lastKnownFileType = file.xib; path = EventTableViewCell.xib; sourceTree = "<group>"; };
/* End PBXFileReference section */

/* Begin PBXFrameworksBuildPhase section */
		46833D512038646200A2D535 /* Frameworks */ = {
			isa = PBXFrameworksBuildPhase;
			buildActionMask = 2147483647;
			files = (
			);
			runOnlyForDeploymentPostprocessing = 0;
		};
/* End PBXFrameworksBuildPhase section */

/* Begin PBXGroup section */
		46833D4B2038646200A2D535 = {
			isa = PBXGroup;
			children = (
				46833D562038646200A2D535 /* Giftery */,
				46833D552038646200A2D535 /* Products */,
			);
			sourceTree = "<group>";
		};
		46833D552038646200A2D535 /* Products */ = {
			isa = PBXGroup;
			children = (
				46833D542038646200A2D535 /* Giftery.app */,
			);
			name = Products;
			sourceTree = "<group>";
		};
		46833D562038646200A2D535 /* Giftery */ = {
			isa = PBXGroup;
			children = (
				46833D632038646200A2D535 /* Info.plist */,
				46833D7A20386D8100A2D535 /* Supporting Files */,
				46833D6C203864D100A2D535 /* TabbarController */,
				46833D692038649000A2D535 /* Appdelegate Class */,
			);
			path = Giftery;
			sourceTree = "<group>";
		};
		46833D692038649000A2D535 /* Appdelegate Class */ = {
			isa = PBXGroup;
			children = (
				46833D572038646200A2D535 /* AppDelegate.swift */,
			);
			path = "Appdelegate Class";
			sourceTree = "<group>";
		};
		46833D6C203864D100A2D535 /* TabbarController */ = {
			isa = PBXGroup;
			children = (
				46B148F2203B2E3C009F57A2 /* EventCell */,
				46833D6E203864ED00A2D535 /* EventViewController.swift */,
				46833D71203864EE00A2D535 /* OrderViewController.swift */,
				46833D6D203864ED00A2D535 /* GiftViewController.swift */,
				46833D70203864EE00A2D535 /* MeViewController.swift */,
				46833D6F203864ED00A2D535 /* TabBarViewController.swift */,
			);
			path = TabbarController;
			sourceTree = "<group>";
		};
		46833D7A20386D8100A2D535 /* Supporting Files */ = {
			isa = PBXGroup;
			children = (
				46833D7B20386DBC00A2D535 /* jsonresponse.txt */,
				46833D6A203864CA00A2D535 /* Main.storyboard */,
				46833D602038646200A2D535 /* LaunchScreen.storyboard */,
				46833D5E2038646200A2D535 /* Assets.xcassets */,
				46833D78203869DA00A2D535 /* Constant.swift */,
			);
			path = "Supporting Files";
			sourceTree = "<group>";
		};
		46B148F2203B2E3C009F57A2 /* EventCell */ = {
			isa = PBXGroup;
			children = (
				46B148F7203B2E8C009F57A2 /* EventTableViewCell.swift */,
				46B148F8203B2E8C009F57A2 /* EventTableViewCell.xib */,
			);
			path = EventCell;
			sourceTree = "<group>";
		};
/* End PBXGroup section */

/* Begin PBXNativeTarget section */
		46833D532038646200A2D535 /* Giftery */ = {
			isa = PBXNativeTarget;
			buildConfigurationList = 46833D662038646200A2D535 /* Build configuration list for PBXNativeTarget "Giftery" */;
			buildPhases = (
				46833D502038646200A2D535 /* Sources */,
				46833D512038646200A2D535 /* Frameworks */,
				46833D522038646200A2D535 /* Resources */,
			);
			buildRules = (
			);
			dependencies = (
			);
			name = Giftery;
			productName = Giftery;
			productReference = 46833D542038646200A2D535 /* Giftery.app */;
			productType = "com.apple.product-type.application";
		};
/* End PBXNativeTarget section */

/* Begin PBXProject section */
		46833D4C2038646200A2D535 /* Project object */ = {
			isa = PBXProject;
			attributes = {
				LastSwiftUpdateCheck = 0920;
				LastUpgradeCheck = 0920;
				ORGANIZATIONNAME = abhishek;
				TargetAttributes = {
					46833D532038646200A2D535 = {
						CreatedOnToolsVersion = 9.2;
						ProvisioningStyle = Automatic;
					};
				};
			};
			buildConfigurationList = 46833D4F2038646200A2D535 /* Build configuration list for PBXProject "Giftery" */;
			compatibilityVersion = "Xcode 8.0";
			developmentRegion = en;
			hasScannedForEncodings = 0;
			knownRegions = (
				en,
				Base,
			);
			mainGroup = 46833D4B2038646200A2D535;
			productRefGroup = 46833D552038646200A2D535 /* Products */;
			projectDirPath = "";
			projectRoot = "";
			targets = (
				46833D532038646200A2D535 /* Giftery */,
			);
		};
/* End PBXProject section */

/* Begin PBXResourcesBuildPhase section */
		46833D522038646200A2D535 /* Resources */ = {
			isa = PBXResourcesBuildPhase;
			buildActionMask = 2147483647;
			files = (
				46B148FA203B2E8C009F57A2 /* EventTableViewCell.xib in Resources */,
				46833D6B203864CA00A2D535 /* Main.storyboard in Resources */,
				46833D622038646200A2D535 /* LaunchScreen.storyboard in Resources */,
				46833D5F2038646200A2D535 /* Assets.xcassets in Resources */,
				46833D7C20386DBC00A2D535 /* jsonresponse.txt in Resources */,
			);
			runOnlyForDeploymentPostprocessing = 0;
		};
/* End PBXResourcesBuildPhase section */

/* Begin PBXSourcesBuildPhase section */
		46833D502038646200A2D535 /* Sources */ = {
			isa = PBXSourcesBuildPhase;
			buildActionMask = 2147483647;
			files = (
				46B148F9203B2E8C009F57A2 /* EventTableViewCell.swift in Sources */,
				46833D79203869DA00A2D535 /* Constant.swift in Sources */,
				46833D75203864EE00A2D535 /* MeViewController.swift in Sources */,
				46833D74203864EE00A2D535 /* TabBarViewController.swift in Sources */,
				46833D72203864EE00A2D535 /* GiftViewController.swift in Sources */,
				46833D582038646200A2D535 /* AppDelegate.swift in Sources */,
				46833D73203864EE00A2D535 /* EventViewController.swift in Sources */,
				46833D76203864EE00A2D535 /* OrderViewController.swift in Sources */,
			);
			runOnlyForDeploymentPostprocessing = 0;
		};
/* End PBXSourcesBuildPhase section */

/* Begin PBXVariantGroup section */
		46833D602038646200A2D535 /* LaunchScreen.storyboard */ = {
			isa = PBXVariantGroup;
			children = (
				46833D612038646200A2D535 /* Base */,
			);
			name = LaunchScreen.storyboard;
			sourceTree = "<group>";
		};
/* End PBXVariantGroup section */

/* Begin XCBuildConfiguration section */
		46833D642038646200A2D535 /* Debug */ = {
			isa = XCBuildConfiguration;
			buildSettings = {
				ALWAYS_SEARCH_USER_PATHS = NO;
				CLANG_ANALYZER_NONNULL = YES;
				CLANG_ANALYZER_NUMBER_OBJECT_CONVERSION = YES_AGGRESSIVE;
				CLANG_CXX_LANGUAGE_STANDARD = "gnu++14";
				CLANG_CXX_LIBRARY = "libc++";
				CLANG_ENABLE_MODULES = YES;
				CLANG_ENABLE_OBJC_ARC = YES;
				CLANG_WARN_BLOCK_CAPTURE_AUTORELEASING = YES;
				CLANG_WARN_BOOL_CONVERSION = YES;
				CLANG_WARN_COMMA = YES;
				CLANG_WARN_CONSTANT_CONVERSION = YES;
				CLANG_WARN_DIRECT_OBJC_ISA_USAGE = YES_ERROR;
				CLANG_WARN_DOCUMENTATION_COMMENTS = YES;
				CLANG_WARN_EMPTY_BODY = YES;
				CLANG_WARN_ENUM_CONVERSION = YES;
				CLANG_WARN_INFINITE_RECURSION = YES;
				CLANG_WARN_INT_CONVERSION = YES;
				CLANG_WARN_NON_LITERAL_NULL_CONVERSION = YES;
				CLANG_WARN_OBJC_LITERAL_CONVERSION = YES;
				CLANG_WARN_OBJC_ROOT_CLASS = YES_ERROR;
				CLANG_WARN_RANGE_LOOP_ANALYSIS = YES;
				CLANG_WARN_STRICT_PROTOTYPES = YES;
				CLANG_WARN_SUSPICIOUS_MOVE = YES;
				CLANG_WARN_UNGUARDED_AVAILABILITY = YES_AGGRESSIVE;
				CLANG_WARN_UNREACHABLE_CODE = YES;
				CLANG_WARN__DUPLICATE_METHOD_MATCH = YES;
				CODE_SIGN_IDENTITY = "iPhone Developer";
				COPY_PHASE_STRIP = NO;
				DEBUG_INFORMATION_FORMAT = dwarf;
				ENABLE_STRICT_OBJC_MSGSEND = YES;
				ENABLE_TESTABILITY = YES;
				GCC_C_LANGUAGE_STANDARD = gnu11;
				GCC_DYNAMIC_NO_PIC = NO;
				GCC_NO_COMMON_BLOCKS = YES;
				GCC_OPTIMIZATION_LEVEL = 0;
				GCC_PREPROCESSOR_DEFINITIONS = (
					"DEBUG=1",
					"$(inherited)",
				);
				GCC_WARN_64_TO_32_BIT_CONVERSION = YES;
				GCC_WARN_ABOUT_RETURN_TYPE = YES_ERROR;
				GCC_WARN_UNDECLARED_SELECTOR = YES;
				GCC_WARN_UNINITIALIZED_AUTOS = YES_AGGRESSIVE;
				GCC_WARN_UNUSED_FUNCTION = YES;
				GCC_WARN_UNUSED_VARIABLE = YES;
				IPHONEOS_DEPLOYMENT_TARGET = 11.2;
				MTL_ENABLE_DEBUG_INFO = YES;
				ONLY_ACTIVE_ARCH = YES;
				SDKROOT = iphoneos;
				SWIFT_ACTIVE_COMPILATION_CONDITIONS = DEBUG;
				SWIFT_OPTIMIZATION_LEVEL = "-Onone";
			};
			name = Debug;
		};
		46833D652038646200A2D535 /* Release */ = {
			isa = XCBuildConfiguration;
			buildSettings = {
				ALWAYS_SEARCH_USER_PATHS = NO;
				CLANG_ANALYZER_NONNULL = YES;
				CLANG_ANALYZER_NUMBER_OBJECT_CONVERSION = YES_AGGRESSIVE;
				CLANG_CXX_LANGUAGE_STANDARD = "gnu++14";
				CLANG_CXX_LIBRARY = "libc++";
				CLANG_ENABLE_MODULES = YES;
				CLANG_ENABLE_OBJC_ARC = YES;
				CLANG_WARN_BLOCK_CAPTURE_AUTORELEASING = YES;
				CLANG_WARN_BOOL_CONVERSION = YES;
				CLANG_WARN_COMMA = YES;
				CLANG_WARN_CONSTANT_CONVERSION = YES;
				CLANG_WARN_DIRECT_OBJC_ISA_USAGE = YES_ERROR;
				CLANG_WARN_DOCUMENTATION_COMMENTS = YES;
				CLANG_WARN_EMPTY_BODY = YES;
				CLANG_WARN_ENUM_CONVERSION = YES;
				CLANG_WARN_INFINITE_RECURSION = YES;
				CLANG_WARN_INT_CONVERSION = YES;
				CLANG_WARN_NON_LITERAL_NULL_CONVERSION = YES;
				CLANG_WARN_OBJC_LITERAL_CONVERSION = YES;
				CLANG_WARN_OBJC_ROOT_CLASS = YES_ERROR;
				CLANG_WARN_RANGE_LOOP_ANALYSIS = YES;
				CLANG_WARN_STRICT_PROTOTYPES = YES;
				CLANG_WARN_SUSPICIOUS_MOVE = YES;
				CLANG_WARN_UNGUARDED_AVAILABILITY = YES_AGGRESSIVE;
				CLANG_WARN_UNREACHABLE_CODE = YES;
				CLANG_WARN__DUPLICATE_METHOD_MATCH = YES;
				CODE_SIGN_IDENTITY = "iPhone Developer";
				COPY_PHASE_STRIP = NO;
				DEBUG_INFORMATION_FORMAT = "dwarf-with-dsym";
				ENABLE_NS_ASSERTIONS = NO;
				ENABLE_STRICT_OBJC_MSGSEND = YES;
				GCC_C_LANGUAGE_STANDARD = gnu11;
				GCC_NO_COMMON_BLOCKS = YES;
				GCC_WARN_64_TO_32_BIT_CONVERSION = YES;
				GCC_WARN_ABOUT_RETURN_TYPE = YES_ERROR;
				GCC_WARN_UNDECLARED_SELECTOR = YES;
				GCC_WARN_UNINITIALIZED_AUTOS = YES_AGGRESSIVE;
				GCC_WARN_UNUSED_FUNCTION = YES;
				GCC_WARN_UNUSED_VARIABLE = YES;
				IPHONEOS_DEPLOYMENT_TARGET = 11.2;
				MTL_ENABLE_DEBUG_INFO = NO;
				SDKROOT = iphoneos;
				SWIFT_OPTIMIZATION_LEVEL = "-Owholemodule";
				VALIDATE_PRODUCT = YES;
			};
			name = Release;
		};
		46833D672038646200A2D535 /* Debug */ = {
			isa = XCBuildConfiguration;
			buildSettings = {
				ASSETCATALOG_COMPILER_APPICON_NAME = AppIcon;
				CODE_SIGN_STYLE = Automatic;
				INFOPLIST_FILE = Giftery/Info.plist;
				LD_RUNPATH_SEARCH_PATHS = "$(inherited) @executable_path/Frameworks";
				PRODUCT_BUNDLE_IDENTIFIER = test.Giftery;
				PRODUCT_NAME = "$(TARGET_NAME)";
				SWIFT_VERSION = 4.0;
				TARGETED_DEVICE_FAMILY = "1,2";
			};
			name = Debug;
		};
		46833D682038646200A2D535 /* Release */ = {
			isa = XCBuildConfiguration;
			buildSettings = {
				ASSETCATALOG_COMPILER_APPICON_NAME = AppIcon;
				CODE_SIGN_STYLE = Automatic;
				INFOPLIST_FILE = Giftery/Info.plist;
				LD_RUNPATH_SEARCH_PATHS = "$(inherited) @executable_path/Frameworks";
				PRODUCT_BUNDLE_IDENTIFIER = test.Giftery;
				PRODUCT_NAME = "$(TARGET_NAME)";
				SWIFT_VERSION = 4.0;
				TARGETED_DEVICE_FAMILY = "1,2";
			};
			name = Release;
		};
/* End XCBuildConfiguration section */

/* Begin XCConfigurationList section */
		46833D4F2038646200A2D535 /* Build configuration list for PBXProject "Giftery" */ = {
			isa = XCConfigurationList;
			buildConfigurations = (
				46833D642038646200A2D535 /* Debug */,
				46833D652038646200A2D535 /* Release */,
			);
			defaultConfigurationIsVisible = 0;
			defaultConfigurationName = Release;
		};
		46833D662038646200A2D535 /* Build configuration list for PBXNativeTarget "Giftery" */ = {
			isa = XCConfigurationList;
			buildConfigurations = (
				46833D672038646200A2D535 /* Debug */,
				46833D682038646200A2D535 /* Release */,
			);
			defaultConfigurationIsVisible = 0;
			defaultConfigurationName = Release;
		};
/* End XCConfigurationList section */
	};
	rootObject = 46833D4C2038646200A2D535 /* Project object */;
}
